
Microsoft Visual Studio Solution File, Format Version 12.00
# Visual Studio 15
VisualStudioVersion = 15.0.28307.489
MinimumVisualStudioVersion = 10.0.40219.1
Project("{FAE04EC0-301F-11D3-BF4B-00C04F79EFBC}") = "BookShop2021", "BookShop2021\BookShop2021.csproj", "{64399F87-E02C-467E-B5BE-62168408F251}"
EndProject
Global
	GlobalSection(SolutionConfigurationPlatforms) = preSolution
		Debug|Any CPU = Debug|Any CPU
		Release|Any CPU = Release|Any CPU
	EndGlobalSection
	GlobalSection(ProjectConfigurationPlatforms) = postSolution
		{64399F87-E02C-467E-B5BE-62168408F251}.Debug|Any CPU.ActiveCfg = Debug|Any CPU
		{64399F87-E02C-467E-B5BE-62168408F251}.Debug|Any CPU.Build.0 = Debug|Any CPU
		{64399F87-E02C-467E-B5BE-62168408F251}.Release|Any CPU.ActiveCfg = Release|Any CPU
		{64399F87-E02C-467E-B5BE-62168408F251}.Release|Any CPU.Build.0 = Release|Any CPU
	EndGlobalSection
	GlobalSection(SolutionProperties) = preSolution
		HideSolutionNode = FALSE
	EndGlobalSection
	GlobalSection(ExtensibilityGlobals) = postSolution
		SolutionGuid = {A2A694B4-9EEA-411F-813F-5566922A2D2A}
	EndGlobalSection
EndGlobal
